
Microsoft Visual Studio Solution File, Format Version 12.00
# Visual Studio Version 17
VisualStudioVersion = 17.8.34330.188
MinimumVisualStudioVersion = 10.0.40219.1
Project("{FAE04EC0-301F-11D3-BF4B-00C04F79EFBC}") = "BinusZoom", "BinusZoom.csproj", "{02BCEED5-D630-437F-B290-499A96ECDEC5}"
EndProject
Global
	GlobalSection(SolutionConfigurationPlatforms) = preSolution
		Debug|Any CPU = Debug|Any CPU
		Release|Any CPU = Release|Any CPU
	EndGlobalSection
	GlobalSection(ProjectConfigurationPlatforms) = postSolution
		{02BCEED5-D630-437F-B290-499A96ECDEC5}.Debug|Any CPU.ActiveCfg = Debug|Any CPU
		{02BCEED5-D630-437F-B290-499A96ECDEC5}.Debug|Any CPU.Build.0 = Debug|Any CPU
		{02BCEED5-D630-437F-B290-499A96ECDEC5}.Release|Any CPU.ActiveCfg = Release|Any CPU
		{02BCEED5-D630-437F-B290-499A96ECDEC5}.Release|Any CPU.Build.0 = Release|Any CPU
	EndGlobalSection
	GlobalSection(SolutionProperties) = preSolution
		HideSolutionNode = FALSE
	EndGlobalSection
	GlobalSection(ExtensibilityGlobals) = postSolution
		SolutionGuid = {96525463-FD73-4758-9E71-C000B571C8B9}
	EndGlobalSection
EndGlobal
